
Microsoft Visual Studio Solution File, Format Version 12.00
# Visual Studio Version 17
VisualStudioVersion = 17.0.31903.59
MinimumVisualStudioVersion = 10.0.40219.1
Project("{FAE04EC0-301F-11D3-BF4B-00C04F79EFBC}") = "API", "API\API.csproj", "{305478C5-7C9E-4A66-8DE8-464FE34DF7B8}"
EndProject
Project("{FAE04EC0-301F-11D3-BF4B-00C04F79EFBC}") = "Application", "Application\Application.csproj", "{15249C07-170B-4A9A-8333-373D9CA9D72E}"
EndProject
Project("{FAE04EC0-301F-11D3-BF4B-00C04F79EFBC}") = "Domain", "Domain\Domain.csproj", "{7CF29A89-D57B-4126-81EC-60BFF97F04F1}"
EndProject
Project("{FAE04EC0-301F-11D3-BF4B-00C04F79EFBC}") = "Persistence", "Persistence\Persistence.csproj", "{CBC1EE34-B7B4-440D-BB0E-720D9A16CC18}"
EndProject
Project("{FAE04EC0-301F-11D3-BF4B-00C04F79EFBC}") = "Infrastructure", "Infrastructure\Infrastructure.csproj", "{63E08C99-F796-4588-B0C6-32C6BFE1F2B7}"
EndProject
Global
	GlobalSection(SolutionConfigurationPlatforms) = preSolution
		Debug|Any CPU = Debug|Any CPU
		Release|Any CPU = Release|Any CPU
	EndGlobalSection
	GlobalSection(SolutionProperties) = preSolution
		HideSolutionNode = FALSE
	EndGlobalSection
	GlobalSection(ProjectConfigurationPlatforms) = postSolution
		{305478C5-7C9E-4A66-8DE8-464FE34DF7B8}.Debug|Any CPU.ActiveCfg = Debug|Any CPU
		{305478C5-7C9E-4A66-8DE8-464FE34DF7B8}.Debug|Any CPU.Build.0 = Debug|Any CPU
		{305478C5-7C9E-4A66-8DE8-464FE34DF7B8}.Release|Any CPU.ActiveCfg = Release|Any CPU
		{305478C5-7C9E-4A66-8DE8-464FE34DF7B8}.Release|Any CPU.Build.0 = Release|Any CPU
		{15249C07-170B-4A9A-8333-373D9CA9D72E}.Debug|Any CPU.ActiveCfg = Debug|Any CPU
		{15249C07-170B-4A9A-8333-373D9CA9D72E}.Debug|Any CPU.Build.0 = Debug|Any CPU
		{15249C07-170B-4A9A-8333-373D9CA9D72E}.Release|Any CPU.ActiveCfg = Release|Any CPU
		{15249C07-170B-4A9A-8333-373D9CA9D72E}.Release|Any CPU.Build.0 = Release|Any CPU
		{7CF29A89-D57B-4126-81EC-60BFF97F04F1}.Debug|Any CPU.ActiveCfg = Debug|Any CPU
		{7CF29A89-D57B-4126-81EC-60BFF97F04F1}.Debug|Any CPU.Build.0 = Debug|Any CPU
		{7CF29A89-D57B-4126-81EC-60BFF97F04F1}.Release|Any CPU.ActiveCfg = Release|Any CPU
		{7CF29A89-D57B-4126-81EC-60BFF97F04F1}.Release|Any CPU.Build.0 = Release|Any CPU
		{CBC1EE34-B7B4-440D-BB0E-720D9A16CC18}.Debug|Any CPU.ActiveCfg = Debug|Any CPU
		{CBC1EE34-B7B4-440D-BB0E-720D9A16CC18}.Debug|Any CPU.Build.0 = Debug|Any CPU
		{CBC1EE34-B7B4-440D-BB0E-720D9A16CC18}.Release|Any CPU.ActiveCfg = Release|Any CPU
		{CBC1EE34-B7B4-440D-BB0E-720D9A16CC18}.Release|Any CPU.Build.0 = Release|Any CPU
		{63E08C99-F796-4588-B0C6-32C6BFE1F2B7}.Debug|Any CPU.ActiveCfg = Debug|Any CPU
		{63E08C99-F796-4588-B0C6-32C6BFE1F2B7}.Debug|Any CPU.Build.0 = Debug|Any CPU
		{63E08C99-F796-4588-B0C6-32C6BFE1F2B7}.Release|Any CPU.ActiveCfg = Release|Any CPU
		{63E08C99-F796-4588-B0C6-32C6BFE1F2B7}.Release|Any CPU.Build.0 = Release|Any CPU
	EndGlobalSection
EndGlobal
